<?xml version="1.0" encoding="utf-8"?>
<Project ToolsVersion="4.0" xmlns="http://schemas.microsoft.com/developer/msbuild/2003">
  <ItemGroup>
    <Filter Include="Source Files">
      <UniqueIdentifier>{4FC737F1-C7A5-4376-A066-2A32D752A2FF}</UniqueIdentifier>
      <Extensions>cpp;c;cc;cxx;def;odl;idl;hpj;bat;asm;asmx</Extensions>
    </Filter>
    <Filter Include="Header Files">
      <UniqueIdentifier>{93995380-89BD-4b04-88EB-625FBE52EBFB}</UniqueIdentifier>
      <Extensions>h;hh;hpp;hxx;hm;inl;inc;xsd</Extensions>
    </Filter>
    <Filter Include="Resource Files">
      <UniqueIdentifier>{67DA6AB6-F800-4c08-8B7A-83BB121AAD01}</UniqueIdentifier>
      <Extensions>rc;ico;cur;bmp;dlg;rc2;rct;bin;rgs;gif;jpg;jpeg;jpe;resx;tiff;tif;png;wav</Extensions>
    </Filter>
    <Filter Include="src">
      <UniqueIdentifier>{cc31e683-5c83-4aff-9989-941ec942445e}</UniqueIdentifier>
    </Filter>
    <Filter Include="FreeRTOS">
      <UniqueIdentifier>{1d6d2b49-5584-43a9-b295-fecec864a1b2}</UniqueIdentifier>
    </Filter>
    <Filter Include="FreeRTOS\portable">
      <UniqueIdentifier>{6943fbb8-b4f7-4b2c-b1bd-c66179a8ed22}</UniqueIdentifier>
    </Filter>
  </ItemGroup>
  <ItemGroup>
    <ClCompile Include="main.c">
      <Filter>Source Files</Filter>
    </ClCompile>
    <ClCompile Include="Run-time-stats-utils.c">
      <Filter>Source Files</Filter>
    </ClCompile>
    <ClCompile Include="src\event_bus.c">
      <Filter>src</Filter>
    </ClCompile>
    <ClCompile Include="FreeRTOS-Kernel\croutine.c">
      <Filter>FreeRTOS</Filter>
    </ClCompile>
    <ClCompile Include="FreeRTOS-Kernel\event_groups.c">
      <Filter>FreeRTOS</Filter>
    </ClCompile>
    <ClCompile Include="FreeRTOS-Kernel\list.c">
      <Filter>FreeRTOS</Filter>
    </ClCompile>
    <ClCompile Include="FreeRTOS-Kernel\queue.c">
      <Filter>FreeRTOS</Filter>
    </ClCompile>
    <ClCompile Include="FreeRTOS-Kernel\stream_buffer.c">
      <Filter>FreeRTOS</Filter>
    </ClCompile>
    <ClCompile Include="FreeRTOS-Kernel\tasks.c">
      <Filter>FreeRTOS</Filter>
    </ClCompile>
    <ClCompile Include="FreeRTOS-Kernel\timers.c">
      <Filter>FreeRTOS</Filter>
    </ClCompile>
    <ClCompile Include="FreeRTOS-Kernel\portable\MSVC-MingW\port.c">
      <Filter>FreeRTOS\portable</Filter>
    </ClCompile>
    <ClCompile Include="src\mem_pool.c">
      <Filter>src</Filter>
    </ClCompile>
  </ItemGroup>
  <ItemGroup>
    <ClInclude Include="event_bus_config.h">
      <Filter>Header Files</Filter>
    </ClInclude>
    <ClInclude Include="FreeRTOSConfig.h">
      <Filter>Header Files</Filter>
    </ClInclude>
    <ClInclude Include="src\event_bus.h">
      <Filter>src</Filter>
    </ClInclude>
    <ClInclude Include="minunit.h">
      <Filter>Header Files</Filter>
    </ClInclude>
    <ClInclude Include="src\mem_pool.h">
      <Filter>src</Filter>
    </ClInclude>
  </ItemGroup>
</Project>